
Microsoft Visual Studio Solution File, Format Version 12.00
# Visual Studio Version 16
VisualStudioVersion = 16.0.30717.126
MinimumVisualStudioVersion = 10.0.40219.1
Project("{FAE04EC0-301F-11D3-BF4B-00C04F79EFBC}") = "OLEDInfo", "OLEDInfo\OLEDInfo.csproj", "{33BAEEE2-8B86-4ECA-AC17-1B37C603E8AB}"
EndProject
Project("{FAE04EC0-301F-11D3-BF4B-00C04F79EFBC}") = "I2CTinyUSB", "I2CTiny\I2CTinyUSB.csproj", "{F8E50E6E-4472-4B49-88A8-EF6DB443283A}"
EndProject
Global
	GlobalSection(SolutionConfigurationPlatforms) = preSolution
		Debug|Any CPU = Debug|Any CPU
		Release|Any CPU = Release|Any CPU
	EndGlobalSection
	GlobalSection(ProjectConfigurationPlatforms) = postSolution
		{33BAEEE2-8B86-4ECA-AC17-1B37C603E8AB}.Debug|Any CPU.ActiveCfg = Debug|Any CPU
		{33BAEEE2-8B86-4ECA-AC17-1B37C603E8AB}.Debug|Any CPU.Build.0 = Debug|Any CPU
		{33BAEEE2-8B86-4ECA-AC17-1B37C603E8AB}.Release|Any CPU.ActiveCfg = Release|Any CPU
		{33BAEEE2-8B86-4ECA-AC17-1B37C603E8AB}.Release|Any CPU.Build.0 = Release|Any CPU
		{F8E50E6E-4472-4B49-88A8-EF6DB443283A}.Debug|Any CPU.ActiveCfg = Debug|Any CPU
		{F8E50E6E-4472-4B49-88A8-EF6DB443283A}.Debug|Any CPU.Build.0 = Debug|Any CPU
		{F8E50E6E-4472-4B49-88A8-EF6DB443283A}.Release|Any CPU.ActiveCfg = Release|Any CPU
		{F8E50E6E-4472-4B49-88A8-EF6DB443283A}.Release|Any CPU.Build.0 = Release|Any CPU
	EndGlobalSection
	GlobalSection(SolutionProperties) = preSolution
		HideSolutionNode = FALSE
	EndGlobalSection
	GlobalSection(ExtensibilityGlobals) = postSolution
		SolutionGuid = {0B960543-D442-4409-8636-E6D2DB6CD6BF}
	EndGlobalSection
EndGlobal
